// !$*UTF8*$!
{
	archiveVersion = 1;
	classes = {
	};
	objectVersion = 46;
	objects = {

/* Begin PBXBuildFile section */
		2869976318267B63002990A0 /* firestone_intro_80er_90er.mp4 in Resources */ = {isa = PBXBuildFile; fileRef = 2869976218267B63002990A0 /* firestone_intro_80er_90er.mp4 */; };
		2869976518267C61002990A0 /* furby_1998.jpg in Resources */ = {isa = PBXBuildFile; fileRef = 2869976418267C61002990A0 /* furby_1998.jpg */; };
		2869976718267D2F002990A0 /* tetris_sound_1984.mp3 in Resources */ = {isa = PBXBuildFile; fileRef = 2869976618267D2F002990A0 /* tetris_sound_1984.mp3 */; };
		2869976918267D46002990A0 /* original_tetris.jpg in Resources */ = {isa = PBXBuildFile; fileRef = 2869976818267D46002990A0 /* original_tetris.jpg */; };
		2869976B18267D4E002990A0 /* tetris_Gameboy.jpg in Resources */ = {isa = PBXBuildFile; fileRef = 2869976A18267D4E002990A0 /* tetris_Gameboy.jpg */; };
		2869976D18267EAC002990A0 /* blue_eyes_white_dragon_1996.jpg in Resources */ = {isa = PBXBuildFile; fileRef = 2869976C18267EAC002990A0 /* blue_eyes_white_dragon_1996.jpg */; };
		2869976F18268064002990A0 /* Kraftwerk_Taschenrechner_1987.mp3 in Resources */ = {isa = PBXBuildFile; fileRef = 2869976E18268064002990A0 /* Kraftwerk_Taschenrechner_1987.mp3 */; };
		2869977918269201002990A0 /* starwars_theme_1999.mp3 in Resources */ = {isa = PBXBuildFile; fileRef = 2869977818269201002990A0 /* starwars_theme_1999.mp3 */; };
		2869977B18269219002990A0 /* todesstern_1999.gif in Resources */ = {isa = PBXBuildFile; fileRef = 2869977A18269219002990A0 /* todesstern_1999.gif */; };
		2869977D18269486002990A0 /* pokemonBattleSound.mp3 in Resources */ = {isa = PBXBuildFile; fileRef = 2869977C18269486002990A0 /* pokemonBattleSound.mp3 */; };
		2869977F182698C2002990A0 /* tamagotchi_90er.jpeg in Resources */ = {isa = PBXBuildFile; fileRef = 2869977E182698C2002990A0 /* tamagotchi_90er.jpeg */; };
		6A2B53DE182653CD00B6BB56 /* Foundation.framework in Frameworks */ = {isa = PBXBuildFile; fileRef = 6A2B53DD182653CD00B6BB56 /* Foundation.framework */; };
		6A2B53E0182653CD00B6BB56 /* CoreGraphics.framework in Frameworks */ = {isa = PBXBuildFile; fileRef = 6A2B53DF182653CD00B6BB56 /* CoreGraphics.framework */; };
		6A2B53E2182653CD00B6BB56 /* UIKit.framework in Frameworks */ = {isa = PBXBuildFile; fileRef = 6A2B53E1182653CD00B6BB56 /* UIKit.framework */; };
		6A2B53E8182653CD00B6BB56 /* InfoPlist.strings in Resources */ = {isa = PBXBuildFile; fileRef = 6A2B53E6182653CD00B6BB56 /* InfoPlist.strings */; };
		6A2B53EA182653CD00B6BB56 /* main.m in Sources */ = {isa = PBXBuildFile; fileRef = 6A2B53E9182653CD00B6BB56 /* main.m */; };
		6A2B53EE182653CD00B6BB56 /* CMAppDelegate.m in Sources */ = {isa = PBXBuildFile; fileRef = 6A2B53ED182653CD00B6BB56 /* CMAppDelegate.m */; };
		6A2B53F1182653CD00B6BB56 /* Main.storyboard in Resources */ = {isa = PBXBuildFile; fileRef = 6A2B53EF182653CD00B6BB56 /* Main.storyboard */; };
		6A2B53F7182653CD00B6BB56 /* CMSecondViewController.m in Sources */ = {isa = PBXBuildFile; fileRef = 6A2B53F6182653CD00B6BB56 /* CMSecondViewController.m */; };
		6A2B53F9182653CD00B6BB56 /* Images.xcassets in Resources */ = {isa = PBXBuildFile; fileRef = 6A2B53F8182653CD00B6BB56 /* Images.xcassets */; };
		6A2B5400182653CD00B6BB56 /* XCTest.framework in Frameworks */ = {isa = PBXBuildFile; fileRef = 6A2B53FF182653CD00B6BB56 /* XCTest.framework */; };
		6A2B5401182653CD00B6BB56 /* Foundation.framework in Frameworks */ = {isa = PBXBuildFile; fileRef = 6A2B53DD182653CD00B6BB56 /* Foundation.framework */; };
		6A2B5402182653CD00B6BB56 /* UIKit.framework in Frameworks */ = {isa = PBXBuildFile; fileRef = 6A2B53E1182653CD00B6BB56 /* UIKit.framework */; };
		6A2B540A182653CD00B6BB56 /* InfoPlist.strings in Resources */ = {isa = PBXBuildFile; fileRef = 6A2B5408182653CD00B6BB56 /* InfoPlist.strings */; };
		6A2B540C182653CD00B6BB56 /* RememberTests.m in Sources */ = {isa = PBXBuildFile; fileRef = 6A2B540B182653CD00B6BB56 /* RememberTests.m */; };
		6A2B542A1826621100B6BB56 /* Background.png in Resources */ = {isa = PBXBuildFile; fileRef = 6A2B54161826621100B6BB56 /* Background.png */; };
		6A2B542B1826621100B6BB56 /* Background@2x.png in Resources */ = {isa = PBXBuildFile; fileRef = 6A2B54171826621100B6BB56 /* Background@2x.png */; };
		6A2B542C1826621100B6BB56 /* HeadBox.png in Resources */ = {isa = PBXBuildFile; fileRef = 6A2B54181826621100B6BB56 /* HeadBox.png */; };
		6A2B542D1826621100B6BB56 /* HeadBox@2x.png in Resources */ = {isa = PBXBuildFile; fileRef = 6A2B54191826621100B6BB56 /* HeadBox@2x.png */; };
		6A2B542E1826621100B6BB56 /* LikeButtonBackground.png in Resources */ = {isa = PBXBuildFile; fileRef = 6A2B541A1826621100B6BB56 /* LikeButtonBackground.png */; };
		6A2B542F1826621100B6BB56 /* LikeButtonBackground@2x.png in Resources */ = {isa = PBXBuildFile; fileRef = 6A2B541B1826621100B6BB56 /* LikeButtonBackground@2x.png */; };
		6A2B54301826621100B6BB56 /* LikeButtonPressed.png in Resources */ = {isa = PBXBuildFile; fileRef = 6A2B541C1826621100B6BB56 /* LikeButtonPressed.png */; };
		6A2B54311826621100B6BB56 /* LikeButtonPressed@2x.png in Resources */ = {isa = PBXBuildFile; fileRef = 6A2B541D1826621100B6BB56 /* LikeButtonPressed@2x.png */; };
		6A2B54321826621100B6BB56 /* LikeButtonUnpressed.png in Resources */ = {isa = PBXBuildFile; fileRef = 6A2B541E1826621100B6BB56 /* LikeButtonUnpressed.png */; };
		6A2B54331826621100B6BB56 /* LikeButtonUnpressed@2x.png in Resources */ = {isa = PBXBuildFile; fileRef = 6A2B541F1826621100B6BB56 /* LikeButtonUnpressed@2x.png */; };
		6A2B54341826621100B6BB56 /* ListBackground.png in Resources */ = {isa = PBXBuildFile; fileRef = 6A2B54201826621100B6BB56 /* ListBackground.png */; };
		6A2B54351826621100B6BB56 /* ListBackground@2x.png in Resources */ = {isa = PBXBuildFile; fileRef = 6A2B54211826621100B6BB56 /* ListBackground@2x.png */; };
		6A2B54361826621100B6BB56 /* PlayIcon.png in Resources */ = {isa = PBXBuildFile; fileRef = 6A2B54221826621100B6BB56 /* PlayIcon.png */; };
		6A2B54371826621100B6BB56 /* PlayIcon@2x.png in Resources */ = {isa = PBXBuildFile; fileRef = 6A2B54231826621100B6BB56 /* PlayIcon@2x.png */; };
		6A2B54381826621100B6BB56 /* PokemonFightHeadline.png in Resources */ = {isa = PBXBuildFile; fileRef = 6A2B54241826621100B6BB56 /* PokemonFightHeadline.png */; };
		6A2B54391826621100B6BB56 /* PokemonFightHeadline@2x.png in Resources */ = {isa = PBXBuildFile; fileRef = 6A2B54251826621100B6BB56 /* PokemonFightHeadline@2x.png */; };
		6A2B543A1826621100B6BB56 /* PokemonScreen.png in Resources */ = {isa = PBXBuildFile; fileRef = 6A2B54261826621100B6BB56 /* PokemonScreen.png */; };
		6A2B543B1826621100B6BB56 /* PokemonScreen@2x.png in Resources */ = {isa = PBXBuildFile; fileRef = 6A2B54271826621100B6BB56 /* PokemonScreen@2x.png */; };
		6A2B543C1826621100B6BB56 /* YearIcon.png in Resources */ = {isa = PBXBuildFile; fileRef = 6A2B54281826621100B6BB56 /* YearIcon.png */; };
		6A2B543D1826621100B6BB56 /* YearIcon@2x.png in Resources */ = {isa = PBXBuildFile; fileRef = 6A2B54291826621100B6BB56 /* YearIcon@2x.png */; };
		6A2B54401826633800B6BB56 /* CMMainlistViewController.m in Sources */ = {isa = PBXBuildFile; fileRef = 6A2B543F1826633800B6BB56 /* CMMainlistViewController.m */; };
		6A2B5443182664C500B6BB56 /* CMRememberCell.m in Sources */ = {isa = PBXBuildFile; fileRef = 6A2B5442182664C500B6BB56 /* CMRememberCell.m */; };
		6A2B544B18266B9900B6BB56 /* HeadBoxEveryone.png in Resources */ = {isa = PBXBuildFile; fileRef = 6A2B544518266B9900B6BB56 /* HeadBoxEveryone.png */; };
		6A2B544C18266B9900B6BB56 /* HeadBoxEveryone@2x.png in Resources */ = {isa = PBXBuildFile; fileRef = 6A2B544618266B9900B6BB56 /* HeadBoxEveryone@2x.png */; };
		6A2B544D18266B9900B6BB56 /* HeadBoxFriends.png in Resources */ = {isa = PBXBuildFile; fileRef = 6A2B544718266B9900B6BB56 /* HeadBoxFriends.png */; };
		6A2B544E18266B9900B6BB56 /* HeadBoxFriends@2x.png in Resources */ = {isa = PBXBuildFile; fileRef = 6A2B544818266B9900B6BB56 /* HeadBoxFriends@2x.png */; };
		6A2B544F18266B9900B6BB56 /* HeadBoxYou.png in Resources */ = {isa = PBXBuildFile; fileRef = 6A2B544918266B9900B6BB56 /* HeadBoxYou.png */; };
		6A2B545018266B9900B6BB56 /* HeadBoxYou@2x.png in Resources */ = {isa = PBXBuildFile; fileRef = 6A2B544A18266B9900B6BB56 /* HeadBoxYou@2x.png */; };
		6A2B545318266D4800B6BB56 /* Model.xcdatamodeld in Sources */ = {isa = PBXBuildFile; fileRef = 6A2B545118266D4800B6BB56 /* Model.xcdatamodeld */; };
		6A2B545618266D6C00B6BB56 /* Database.m in Sources */ = {isa = PBXBuildFile; fileRef = 6A2B545518266D6C00B6BB56 /* Database.m */; };
		6A2B545818266E6A00B6BB56 /* AVFoundation.framework in Frameworks */ = {isa = PBXBuildFile; fileRef = 6A2B545718266E6A00B6BB56 /* AVFoundation.framework */; };
		6A2B545C18266F5E00B6BB56 /* SoundManager.m in Sources */ = {isa = PBXBuildFile; fileRef = 6A2B545B18266F5E00B6BB56 /* SoundManager.m */; };
		6A2B54601826734E00B6BB56 /* Post.m in Sources */ = {isa = PBXBuildFile; fileRef = 6A2B545F1826734E00B6BB56 /* Post.m */; };
		6A2B54631826734E00B6BB56 /* Media.m in Sources */ = {isa = PBXBuildFile; fileRef = 6A2B54621826734E00B6BB56 /* Media.m */; };
		6A2B546D1826739D00B6BB56 /* Post+Create.m in Sources */ = {isa = PBXBuildFile; fileRef = 6A2B546C1826739D00B6BB56 /* Post+Create.m */; };
		6A2B5470182674DE00B6BB56 /* Media+Create.m in Sources */ = {isa = PBXBuildFile; fileRef = 6A2B546F182674DE00B6BB56 /* Media+Create.m */; };
		6A2B5479182679E300B6BB56 /* CoreDataTableViewController.m in Sources */ = {isa = PBXBuildFile; fileRef = 6A2B5478182679E300B6BB56 /* CoreDataTableViewController.m */; };
		6A81C7F91826916800BDA65A /* CMImageCell.m in Sources */ = {isa = PBXBuildFile; fileRef = 6A81C7F01826916800BDA65A /* CMImageCell.m */; };
		6A81C7FB1826916800BDA65A /* CMSound2Cell.m in Sources */ = {isa = PBXBuildFile; fileRef = 6A81C7F41826916800BDA65A /* CMSound2Cell.m */; };
		6A81C7FC1826916800BDA65A /* CMSoundCell.m in Sources */ = {isa = PBXBuildFile; fileRef = 6A81C7F61826916800BDA65A /* CMSoundCell.m */; };
		6A81C7FD1826916800BDA65A /* CMVideoCell.m in Sources */ = {isa = PBXBuildFile; fileRef = 6A81C7F81826916800BDA65A /* CMVideoCell.m */; };
		6A81C8001826919900BDA65A /* CMCustomCell.m in Sources */ = {isa = PBXBuildFile; fileRef = 6A81C7FF1826919900BDA65A /* CMCustomCell.m */; };
/* End PBXBuildFile section */

/* Begin PBXContainerItemProxy section */
		6A2B5403182653CD00B6BB56 /* PBXContainerItemProxy */ = {
			isa = PBXContainerItemProxy;
			containerPortal = 6A2B53D2182653CD00B6BB56 /* Project object */;
			proxyType = 1;
			remoteGlobalIDString = 6A2B53D9182653CD00B6BB56;
			remoteInfo = Remember;
		};
/* End PBXContainerItemProxy section */

/* Begin PBXFileReference section */
		2869976218267B63002990A0 /* firestone_intro_80er_90er.mp4 */ = {isa = PBXFileReference; lastKnownFileType = file; path = firestone_intro_80er_90er.mp4; sourceTree = "<group>"; };
		2869976418267C61002990A0 /* furby_1998.jpg */ = {isa = PBXFileReference; lastKnownFileType = image.jpeg; path = furby_1998.jpg; sourceTree = "<group>"; };
		2869976618267D2F002990A0 /* tetris_sound_1984.mp3 */ = {isa = PBXFileReference; lastKnownFileType = audio.mp3; path = tetris_sound_1984.mp3; sourceTree = "<group>"; };
		2869976818267D46002990A0 /* original_tetris.jpg */ = {isa = PBXFileReference; lastKnownFileType = image.jpeg; path = original_tetris.jpg; sourceTree = "<group>"; };
		2869976A18267D4E002990A0 /* tetris_Gameboy.jpg */ = {isa = PBXFileReference; lastKnownFileType = image.jpeg; path = tetris_Gameboy.jpg; sourceTree = "<group>"; };
		2869976C18267EAC002990A0 /* blue_eyes_white_dragon_1996.jpg */ = {isa = PBXFileReference; lastKnownFileType = image.jpeg; path = blue_eyes_white_dragon_1996.jpg; sourceTree = "<group>"; };
		2869976E18268064002990A0 /* Kraftwerk_Taschenrechner_1987.mp3 */ = {isa = PBXFileReference; lastKnownFileType = audio.mp3; path = Kraftwerk_Taschenrechner_1987.mp3; sourceTree = "<group>"; };
		286997701826839C002990A0 /* rubiks_cube_80er.jpg */ = {isa = PBXFileReference; lastKnownFileType = image.jpeg; path = rubiks_cube_80er.jpg; sourceTree = "<group>"; };
		2869977418268A6C002990A0 /* ninjaTutles_1984.jpg */ = {isa = PBXFileReference; lastKnownFileType = image.jpeg; path = ninjaTutles_1984.jpg; sourceTree = "<group>"; };
		2869977618268E03002990A0 /* computerwelt_kraftwerk_1981.jpg */ = {isa = PBXFileReference; lastKnownFileType = image.jpeg; path = computerwelt_kraftwerk_1981.jpg; sourceTree = "<group>"; };
		2869977818269201002990A0 /* starwars_theme_1999.mp3 */ = {isa = PBXFileReference; lastKnownFileType = audio.mp3; path = starwars_theme_1999.mp3; sourceTree = "<group>"; };
		2869977A18269219002990A0 /* todesstern_1999.gif */ = {isa = PBXFileReference; lastKnownFileType = image.gif; path = todesstern_1999.gif; sourceTree = "<group>"; };
		2869977C18269486002990A0 /* pokemonBattleSound.mp3 */ = {isa = PBXFileReference; lastKnownFileType = audio.mp3; path = pokemonBattleSound.mp3; sourceTree = "<group>"; };
		2869977E182698C2002990A0 /* tamagotchi_90er.jpeg */ = {isa = PBXFileReference; lastKnownFileType = image.jpeg; path = tamagotchi_90er.jpeg; sourceTree = "<group>"; };
		6A2B53DA182653CD00B6BB56 /* Remember.app */ = {isa = PBXFileReference; explicitFileType = wrapper.application; includeInIndex = 0; path = Remember.app; sourceTree = BUILT_PRODUCTS_DIR; };
		6A2B53DD182653CD00B6BB56 /* Foundation.framework */ = {isa = PBXFileReference; lastKnownFileType = wrapper.framework; name = Foundation.framework; path = System/Library/Frameworks/Foundation.framework; sourceTree = SDKROOT; };
		6A2B53DF182653CD00B6BB56 /* CoreGraphics.framework */ = {isa = PBXFileReference; lastKnownFileType = wrapper.framework; name = CoreGraphics.framework; path = System/Library/Frameworks/CoreGraphics.framework; sourceTree = SDKROOT; };
		6A2B53E1182653CD00B6BB56 /* UIKit.framework */ = {isa = PBXFileReference; lastKnownFileType = wrapper.framework; name = UIKit.framework; path = System/Library/Frameworks/UIKit.framework; sourceTree = SDKROOT; };
		6A2B53E5182653CD00B6BB56 /* Remember-Info.plist */ = {isa = PBXFileReference; lastKnownFileType = text.plist.xml; path = "Remember-Info.plist"; sourceTree = "<group>"; };
		6A2B53E7182653CD00B6BB56 /* en */ = {isa = PBXFileReference; lastKnownFileType = text.plist.strings; name = en; path = en.lproj/InfoPlist.strings; sourceTree = "<group>"; };
		6A2B53E9182653CD00B6BB56 /* main.m */ = {isa = PBXFileReference; lastKnownFileType = sourcecode.c.objc; path = main.m; sourceTree = "<group>"; };
		6A2B53EB182653CD00B6BB56 /* Remember-Prefix.pch */ = {isa = PBXFileReference; lastKnownFileType = sourcecode.c.h; path = "Remember-Prefix.pch"; sourceTree = "<group>"; };
		6A2B53EC182653CD00B6BB56 /* CMAppDelegate.h */ = {isa = PBXFileReference; lastKnownFileType = sourcecode.c.h; path = CMAppDelegate.h; sourceTree = "<group>"; };
		6A2B53ED182653CD00B6BB56 /* CMAppDelegate.m */ = {isa = PBXFileReference; lastKnownFileType = sourcecode.c.objc; path = CMAppDelegate.m; sourceTree = "<group>"; };
		6A2B53F0182653CD00B6BB56 /* Base */ = {isa = PBXFileReference; lastKnownFileType = file.storyboard; name = Base; path = Base.lproj/Main.storyboard; sourceTree = "<group>"; };
		6A2B53F5182653CD00B6BB56 /* CMSecondViewController.h */ = {isa = PBXFileReference; lastKnownFileType = sourcecode.c.h; path = CMSecondViewController.h; sourceTree = "<group>"; };
		6A2B53F6182653CD00B6BB56 /* CMSecondViewController.m */ = {isa = PBXFileReference; lastKnownFileType = sourcecode.c.objc; path = CMSecondViewController.m; sourceTree = "<group>"; };
		6A2B53F8182653CD00B6BB56 /* Images.xcassets */ = {isa = PBXFileReference; lastKnownFileType = folder.assetcatalog; path = Images.xcassets; sourceTree = "<group>"; };
		6A2B53FE182653CD00B6BB56 /* RememberTests.xctest */ = {isa = PBXFileReference; explicitFileType = wrapper.cfbundle; includeInIndex = 0; path = RememberTests.xctest; sourceTree = BUILT_PRODUCTS_DIR; };
		6A2B53FF182653CD00B6BB56 /* XCTest.framework */ = {isa = PBXFileReference; lastKnownFileType = wrapper.framework; name = XCTest.framework; path = Library/Frameworks/XCTest.framework; sourceTree = DEVELOPER_DIR; };
		6A2B5407182653CD00B6BB56 /* RememberTests-Info.plist */ = {isa = PBXFileReference; lastKnownFileType = text.plist.xml; path = "RememberTests-Info.plist"; sourceTree = "<group>"; };
		6A2B5409182653CD00B6BB56 /* en */ = {isa = PBXFileReference; lastKnownFileType = text.plist.strings; name = en; path = en.lproj/InfoPlist.strings; sourceTree = "<group>"; };
		6A2B540B182653CD00B6BB56 /* RememberTests.m */ = {isa = PBXFileReference; lastKnownFileType = sourcecode.c.objc; path = RememberTests.m; sourceTree = "<group>"; };
		6A2B54161826621100B6BB56 /* Background.png */ = {isa = PBXFileReference; lastKnownFileType = image.png; path = Background.png; sourceTree = "<group>"; };
		6A2B54171826621100B6BB56 /* Background@2x.png */ = {isa = PBXFileReference; lastKnownFileType = image.png; path = "Background@2x.png"; sourceTree = "<group>"; };
		6A2B54181826621100B6BB56 /* HeadBox.png */ = {isa = PBXFileReference; lastKnownFileType = image.png; path = HeadBox.png; sourceTree = "<group>"; };
		6A2B54191826621100B6BB56 /* HeadBox@2x.png */ = {isa = PBXFileReference; lastKnownFileType = image.png; path = "HeadBox@2x.png"; sourceTree = "<group>"; };
		6A2B541A1826621100B6BB56 /* LikeButtonBackground.png */ = {isa = PBXFileReference; lastKnownFileType = image.png; path = LikeButtonBackground.png; sourceTree = "<group>"; };
		6A2B541B1826621100B6BB56 /* LikeButtonBackground@2x.png */ = {isa = PBXFileReference; lastKnownFileType = image.png; path = "LikeButtonBackground@2x.png"; sourceTree = "<group>"; };
		6A2B541C1826621100B6BB56 /* LikeButtonPressed.png */ = {isa = PBXFileReference; lastKnownFileType = image.png; path = LikeButtonPressed.png; sourceTree = "<group>"; };
		6A2B541D1826621100B6BB56 /* LikeButtonPressed@2x.png */ = {isa = PBXFileReference; lastKnownFileType = image.png; path = "LikeButtonPressed@2x.png"; sourceTree = "<group>"; };
		6A2B541E1826621100B6BB56 /* LikeButtonUnpressed.png */ = {isa = PBXFileReference; lastKnownFileType = image.png; path = LikeButtonUnpressed.png; sourceTree = "<group>"; };
		6A2B541F1826621100B6BB56 /* LikeButtonUnpressed@2x.png */ = {isa = PBXFileReference; lastKnownFileType = image.png; path = "LikeButtonUnpressed@2x.png"; sourceTree = "<group>"; };
		6A2B54201826621100B6BB56 /* ListBackground.png */ = {isa = PBXFileReference; lastKnownFileType = image.png; path = ListBackground.png; sourceTree = "<group>"; };
		6A2B54211826621100B6BB56 /* ListBackground@2x.png */ = {isa = PBXFileReference; lastKnownFileType = image.png; path = "ListBackground@2x.png"; sourceTree = "<group>"; };
		6A2B54221826621100B6BB56 /* PlayIcon.png */ = {isa = PBXFileReference; lastKnownFileType = image.png; path = PlayIcon.png; sourceTree = "<group>"; };
		6A2B54231826621100B6BB56 /* PlayIcon@2x.png */ = {isa = PBXFileReference; lastKnownFileType = image.png; path = "PlayIcon@2x.png"; sourceTree = "<group>"; };
		6A2B54241826621100B6BB56 /* PokemonFightHeadline.png */ = {isa = PBXFileReference; lastKnownFileType = image.png; path = PokemonFightHeadline.png; sourceTree = "<group>"; };
		6A2B54251826621100B6BB56 /* PokemonFightHeadline@2x.png */ = {isa = PBXFileReference; lastKnownFileType = image.png; path = "PokemonFightHeadline@2x.png"; sourceTree = "<group>"; };
		6A2B54261826621100B6BB56 /* PokemonScreen.png */ = {isa = PBXFileReference; lastKnownFileType = image.png; path = PokemonScreen.png; sourceTree = "<group>"; };
		6A2B54271826621100B6BB56 /* PokemonScreen@2x.png */ = {isa = PBXFileReference; lastKnownFileType = image.png; path = "PokemonScreen@2x.png"; sourceTree = "<group>"; };
		6A2B54281826621100B6BB56 /* YearIcon.png */ = {isa = PBXFileReference; lastKnownFileType = image.png; path = YearIcon.png; sourceTree = "<group>"; };
		6A2B54291826621100B6BB56 /* YearIcon@2x.png */ = {isa = PBXFileReference; lastKnownFileType = image.png; path = "YearIcon@2x.png"; sourceTree = "<group>"; };
		6A2B543E1826633800B6BB56 /* CMMainlistViewController.h */ = {isa = PBXFileReference; fileEncoding = 4; lastKnownFileType = sourcecode.c.h; path = CMMainlistViewController.h; sourceTree = "<group>"; };
		6A2B543F1826633800B6BB56 /* CMMainlistViewController.m */ = {isa = PBXFileReference; fileEncoding = 4; lastKnownFileType = sourcecode.c.objc; path = CMMainlistViewController.m; sourceTree = "<group>"; };
		6A2B5441182664C500B6BB56 /* CMRememberCell.h */ = {isa = PBXFileReference; fileEncoding = 4; lastKnownFileType = sourcecode.c.h; path = CMRememberCell.h; sourceTree = "<group>"; };
		6A2B5442182664C500B6BB56 /* CMRememberCell.m */ = {isa = PBXFileReference; fileEncoding = 4; lastKnownFileType = sourcecode.c.objc; path = CMRememberCell.m; sourceTree = "<group>"; };
		6A2B54441826673100B6BB56 /* Amplitude-Medium.ttf */ = {isa = PBXFileReference; lastKnownFileType = file; path = "Amplitude-Medium.ttf"; sourceTree = "<group>"; };
		6A2B544518266B9900B6BB56 /* HeadBoxEveryone.png */ = {isa = PBXFileReference; lastKnownFileType = image.png; path = HeadBoxEveryone.png; sourceTree = "<group>"; };
		6A2B544618266B9900B6BB56 /* HeadBoxEveryone@2x.png */ = {isa = PBXFileReference; lastKnownFileType = image.png; path = "HeadBoxEveryone@2x.png"; sourceTree = "<group>"; };
		6A2B544718266B9900B6BB56 /* HeadBoxFriends.png */ = {isa = PBXFileReference; lastKnownFileType = image.png; path = HeadBoxFriends.png; sourceTree = "<group>"; };
		6A2B544818266B9900B6BB56 /* HeadBoxFriends@2x.png */ = {isa = PBXFileReference; lastKnownFileType = image.png; path = "HeadBoxFriends@2x.png"; sourceTree = "<group>"; };
		6A2B544918266B9900B6BB56 /* HeadBoxYou.png */ = {isa = PBXFileReference; lastKnownFileType = image.png; path = HeadBoxYou.png; sourceTree = "<group>"; };
		6A2B544A18266B9900B6BB56 /* HeadBoxYou@2x.png */ = {isa = PBXFileReference; lastKnownFileType = image.png; path = "HeadBoxYou@2x.png"; sourceTree = "<group>"; };
		6A2B545218266D4800B6BB56 /* Model.xcdatamodel */ = {isa = PBXFileReference; lastKnownFileType = wrapper.xcdatamodel; path = Model.xcdatamodel; sourceTree = "<group>"; };
		6A2B545418266D6C00B6BB56 /* Database.h */ = {isa = PBXFileReference; fileEncoding = 4; lastKnownFileType = sourcecode.c.h; path = Database.h; sourceTree = "<group>"; };
		6A2B545518266D6C00B6BB56 /* Database.m */ = {isa = PBXFileReference; fileEncoding = 4; lastKnownFileType = sourcecode.c.objc; path = Database.m; sourceTree = "<group>"; };
		6A2B545718266E6A00B6BB56 /* AVFoundation.framework */ = {isa = PBXFileReference; lastKnownFileType = wrapper.framework; name = AVFoundation.framework; path = System/Library/Frameworks/AVFoundation.framework; sourceTree = SDKROOT; };
		6A2B545A18266F5E00B6BB56 /* SoundManager.h */ = {isa = PBXFileReference; fileEncoding = 4; lastKnownFileType = sourcecode.c.h; path = SoundManager.h; sourceTree = "<group>"; };
		6A2B545B18266F5E00B6BB56 /* SoundManager.m */ = {isa = PBXFileReference; fileEncoding = 4; lastKnownFileType = sourcecode.c.objc; path = SoundManager.m; sourceTree = "<group>"; };
		6A2B545E1826734E00B6BB56 /* Post.h */ = {isa = PBXFileReference; fileEncoding = 4; lastKnownFileType = sourcecode.c.h; path = Post.h; sourceTree = "<group>"; };
		6A2B545F1826734E00B6BB56 /* Post.m */ = {isa = PBXFileReference; fileEncoding = 4; lastKnownFileType = sourcecode.c.objc; path = Post.m; sourceTree = "<group>"; };
		6A2B54611826734E00B6BB56 /* Media.h */ = {isa = PBXFileReference; fileEncoding = 4; lastKnownFileType = sourcecode.c.h; path = Media.h; sourceTree = "<group>"; };
		6A2B54621826734E00B6BB56 /* Media.m */ = {isa = PBXFileReference; fileEncoding = 4; lastKnownFileType = sourcecode.c.objc; path = Media.m; sourceTree = "<group>"; };
		6A2B546B1826739D00B6BB56 /* Post+Create.h */ = {isa = PBXFileReference; fileEncoding = 4; lastKnownFileType = sourcecode.c.h; path = "Post+Create.h"; sourceTree = "<group>"; };
		6A2B546C1826739D00B6BB56 /* Post+Create.m */ = {isa = PBXFileReference; fileEncoding = 4; lastKnownFileType = sourcecode.c.objc; path = "Post+Create.m"; sourceTree = "<group>"; };
		6A2B546E182674DE00B6BB56 /* Media+Create.h */ = {isa = PBXFileReference; fileEncoding = 4; lastKnownFileType = sourcecode.c.h; path = "Media+Create.h"; sourceTree = "<group>"; };
		6A2B546F182674DE00B6BB56 /* Media+Create.m */ = {isa = PBXFileReference; fileEncoding = 4; lastKnownFileType = sourcecode.c.objc; path = "Media+Create.m"; sourceTree = "<group>"; };
		6A2B5477182679E300B6BB56 /* CoreDataTableViewController.h */ = {isa = PBXFileReference; fileEncoding = 4; lastKnownFileType = sourcecode.c.h; path = CoreDataTableViewController.h; sourceTree = "<group>"; };
		6A2B5478182679E300B6BB56 /* CoreDataTableViewController.m */ = {isa = PBXFileReference; fileEncoding = 4; lastKnownFileType = sourcecode.c.objc; path = CoreDataTableViewController.m; sourceTree = "<group>"; };
		6A81C7EF1826916800BDA65A /* CMImageCell.h */ = {isa = PBXFileReference; fileEncoding = 4; lastKnownFileType = sourcecode.c.h; path = CMImageCell.h; sourceTree = "<group>"; };
		6A81C7F01826916800BDA65A /* CMImageCell.m */ = {isa = PBXFileReference; fileEncoding = 4; lastKnownFileType = sourcecode.c.objc; path = CMImageCell.m; sourceTree = "<group>"; };
		6A81C7F31826916800BDA65A /* CMSound2Cell.h */ = {isa = PBXFileReference; fileEncoding = 4; lastKnownFileType = sourcecode.c.h; path = CMSound2Cell.h; sourceTree = "<group>"; };
		6A81C7F41826916800BDA65A /* CMSound2Cell.m */ = {isa = PBXFileReference; fileEncoding = 4; lastKnownFileType = sourcecode.c.objc; path = CMSound2Cell.m; sourceTree = "<group>"; };
		6A81C7F51826916800BDA65A /* CMSoundCell.h */ = {isa = PBXFileReference; fileEncoding = 4; lastKnownFileType = sourcecode.c.h; path = CMSoundCell.h; sourceTree = "<group>"; };
		6A81C7F61826916800BDA65A /* CMSoundCell.m */ = {isa = PBXFileReference; fileEncoding = 4; lastKnownFileType = sourcecode.c.objc; path = CMSoundCell.m; sourceTree = "<group>"; };
		6A81C7F71826916800BDA65A /* CMVideoCell.h */ = {isa = PBXFileReference; fileEncoding = 4; lastKnownFileType = sourcecode.c.h; path = CMVideoCell.h; sourceTree = "<group>"; };
		6A81C7F81826916800BDA65A /* CMVideoCell.m */ = {isa = PBXFileReference; fileEncoding = 4; lastKnownFileType = sourcecode.c.objc; path = CMVideoCell.m; sourceTree = "<group>"; };
		6A81C7FE1826919900BDA65A /* CMCustomCell.h */ = {isa = PBXFileReference; fileEncoding = 4; lastKnownFileType = sourcecode.c.h; path = CMCustomCell.h; sourceTree = "<group>"; };
		6A81C7FF1826919900BDA65A /* CMCustomCell.m */ = {isa = PBXFileReference; fileEncoding = 4; lastKnownFileType = sourcecode.c.objc; path = CMCustomCell.m; sourceTree = "<group>"; };
/* End PBXFileReference section */

/* Begin PBXFrameworksBuildPhase section */
		6A2B53D7182653CD00B6BB56 /* Frameworks */ = {
			isa = PBXFrameworksBuildPhase;
			buildActionMask = 2147483647;
			files = (
				6A2B545818266E6A00B6BB56 /* AVFoundation.framework in Frameworks */,
				6A2B53E0182653CD00B6BB56 /* CoreGraphics.framework in Frameworks */,
				6A2B53E2182653CD00B6BB56 /* UIKit.framework in Frameworks */,
				6A2B53DE182653CD00B6BB56 /* Foundation.framework in Frameworks */,
			);
			runOnlyForDeploymentPostprocessing = 0;
		};
		6A2B53FB182653CD00B6BB56 /* Frameworks */ = {
			isa = PBXFrameworksBuildPhase;
			buildActionMask = 2147483647;
			files = (
				6A2B5400182653CD00B6BB56 /* XCTest.framework in Frameworks */,
				6A2B5402182653CD00B6BB56 /* UIKit.framework in Frameworks */,
				6A2B5401182653CD00B6BB56 /* Foundation.framework in Frameworks */,
			);
			runOnlyForDeploymentPostprocessing = 0;
		};
/* End PBXFrameworksBuildPhase section */

/* Begin PBXGroup section */
		2869975F1826797C002990A0 /* Media */ = {
			isa = PBXGroup;
			children = (
				2869977E182698C2002990A0 /* tamagotchi_90er.jpeg */,
				2869977C18269486002990A0 /* pokemonBattleSound.mp3 */,
				2869977A18269219002990A0 /* todesstern_1999.gif */,
				2869977818269201002990A0 /* starwars_theme_1999.mp3 */,
				2869977618268E03002990A0 /* computerwelt_kraftwerk_1981.jpg */,
				2869977418268A6C002990A0 /* ninjaTutles_1984.jpg */,
				286997701826839C002990A0 /* rubiks_cube_80er.jpg */,
				2869976E18268064002990A0 /* Kraftwerk_Taschenrechner_1987.mp3 */,
				2869976C18267EAC002990A0 /* blue_eyes_white_dragon_1996.jpg */,
				2869976A18267D4E002990A0 /* tetris_Gameboy.jpg */,
				2869976818267D46002990A0 /* original_tetris.jpg */,
				2869976618267D2F002990A0 /* tetris_sound_1984.mp3 */,
				2869976418267C61002990A0 /* furby_1998.jpg */,
				2869976218267B63002990A0 /* firestone_intro_80er_90er.mp4 */,
			);
			name = Media;
			sourceTree = "<group>";
		};
		6A2B53D1182653CD00B6BB56 = {
			isa = PBXGroup;
			children = (
				6A2B53E3182653CD00B6BB56 /* Remember */,
				6A2B5405182653CD00B6BB56 /* RememberTests */,
				6A2B53DC182653CD00B6BB56 /* Frameworks */,
				6A2B53DB182653CD00B6BB56 /* Products */,
			);
			sourceTree = "<group>";
		};
		6A2B53DB182653CD00B6BB56 /* Products */ = {
			isa = PBXGroup;
			children = (
				6A2B53DA182653CD00B6BB56 /* Remember.app */,
				6A2B53FE182653CD00B6BB56 /* RememberTests.xctest */,
			);
			name = Products;
			sourceTree = "<group>";
		};
		6A2B53DC182653CD00B6BB56 /* Frameworks */ = {
			isa = PBXGroup;
			children = (
				6A2B545718266E6A00B6BB56 /* AVFoundation.framework */,
				6A2B53DD182653CD00B6BB56 /* Foundation.framework */,
				6A2B53DF182653CD00B6BB56 /* CoreGraphics.framework */,
				6A2B53E1182653CD00B6BB56 /* UIKit.framework */,
				6A2B53FF182653CD00B6BB56 /* XCTest.framework */,
			);
			name = Frameworks;
			sourceTree = "<group>";
		};
		6A2B53E3182653CD00B6BB56 /* Remember */ = {
			isa = PBXGroup;
			children = (
				2869975F1826797C002990A0 /* Media */,
				6A2B545D1826733E00B6BB56 /* Model */,
				6A2B545918266F5E00B6BB56 /* SoundManager */,
				6A2B545418266D6C00B6BB56 /* Database.h */,
				6A2B545518266D6C00B6BB56 /* Database.m */,
				6A2B53EC182653CD00B6BB56 /* CMAppDelegate.h */,
				6A2B53ED182653CD00B6BB56 /* CMAppDelegate.m */,
				6A2B53EF182653CD00B6BB56 /* Main.storyboard */,
				6A2B543E1826633800B6BB56 /* CMMainlistViewController.h */,
				6A2B543F1826633800B6BB56 /* CMMainlistViewController.m */,
				6A2B5441182664C500B6BB56 /* CMRememberCell.h */,
				6A2B5442182664C500B6BB56 /* CMRememberCell.m */,
				6A81C7FE1826919900BDA65A /* CMCustomCell.h */,
				6A81C7FF1826919900BDA65A /* CMCustomCell.m */,
				6A81C7EF1826916800BDA65A /* CMImageCell.h */,
				6A81C7F01826916800BDA65A /* CMImageCell.m */,
				6A81C7F31826916800BDA65A /* CMSound2Cell.h */,
				6A81C7F41826916800BDA65A /* CMSound2Cell.m */,
				6A81C7F51826916800BDA65A /* CMSoundCell.h */,
				6A81C7F61826916800BDA65A /* CMSoundCell.m */,
				6A81C7F71826916800BDA65A /* CMVideoCell.h */,
				6A81C7F81826916800BDA65A /* CMVideoCell.m */,
				6A2B53F5182653CD00B6BB56 /* CMSecondViewController.h */,
				6A2B53F6182653CD00B6BB56 /* CMSecondViewController.m */,
				6A2B53F8182653CD00B6BB56 /* Images.xcassets */,
				6A2B53E4182653CD00B6BB56 /* Supporting Files */,
			);
			path = Remember;
			sourceTree = "<group>";
		};
		6A2B53E4182653CD00B6BB56 /* Supporting Files */ = {
			isa = PBXGroup;
			children = (
				6A2B545D1826733E00B6BB56 /* Model */,
				6A2B5477182679E300B6BB56 /* CoreDataTableViewController.h */,
				6A2B5478182679E300B6BB56 /* CoreDataTableViewController.m */,
				6A2B54441826673100B6BB56 /* Amplitude-Medium.ttf */,
				6A2B54151826620600B6BB56 /* Graphics */,
				6A2B53E5182653CD00B6BB56 /* Remember-Info.plist */,
				6A2B53E6182653CD00B6BB56 /* InfoPlist.strings */,
				6A2B53E9182653CD00B6BB56 /* main.m */,
				6A2B53EB182653CD00B6BB56 /* Remember-Prefix.pch */,
				6A2B545118266D4800B6BB56 /* Model.xcdatamodeld */,
			);
			name = "Supporting Files";
			sourceTree = "<group>";
		};
		6A2B5405182653CD00B6BB56 /* RememberTests */ = {
			isa = PBXGroup;
			children = (
				6A2B540B182653CD00B6BB56 /* RememberTests.m */,
				6A2B5406182653CD00B6BB56 /* Supporting Files */,
			);
			path = RememberTests;
			sourceTree = "<group>";
		};
		6A2B5406182653CD00B6BB56 /* Supporting Files */ = {
			isa = PBXGroup;
			children = (
				6A2B5407182653CD00B6BB56 /* RememberTests-Info.plist */,
				6A2B5408182653CD00B6BB56 /* InfoPlist.strings */,
			);
			name = "Supporting Files";
			sourceTree = "<group>";
		};
		6A2B54151826620600B6BB56 /* Graphics */ = {
			isa = PBXGroup;
			children = (
				6A2B544518266B9900B6BB56 /* HeadBoxEveryone.png */,
				6A2B544618266B9900B6BB56 /* HeadBoxEveryone@2x.png */,
				6A2B544718266B9900B6BB56 /* HeadBoxFriends.png */,
				6A2B544818266B9900B6BB56 /* HeadBoxFriends@2x.png */,
				6A2B544918266B9900B6BB56 /* HeadBoxYou.png */,
				6A2B544A18266B9900B6BB56 /* HeadBoxYou@2x.png */,
				6A2B54161826621100B6BB56 /* Background.png */,
				6A2B54171826621100B6BB56 /* Background@2x.png */,
				6A2B54181826621100B6BB56 /* HeadBox.png */,
				6A2B54191826621100B6BB56 /* HeadBox@2x.png */,
				6A2B541A1826621100B6BB56 /* LikeButtonBackground.png */,
				6A2B541B1826621100B6BB56 /* LikeButtonBackground@2x.png */,
				6A2B541C1826621100B6BB56 /* LikeButtonPressed.png */,
				6A2B541D1826621100B6BB56 /* LikeButtonPressed@2x.png */,
				6A2B541E1826621100B6BB56 /* LikeButtonUnpressed.png */,
				6A2B541F1826621100B6BB56 /* LikeButtonUnpressed@2x.png */,
				6A2B54201826621100B6BB56 /* ListBackground.png */,
				6A2B54211826621100B6BB56 /* ListBackground@2x.png */,
				6A2B54221826621100B6BB56 /* PlayIcon.png */,
				6A2B54231826621100B6BB56 /* PlayIcon@2x.png */,
				6A2B54241826621100B6BB56 /* PokemonFightHeadline.png */,
				6A2B54251826621100B6BB56 /* PokemonFightHeadline@2x.png */,
				6A2B54261826621100B6BB56 /* PokemonScreen.png */,
				6A2B54271826621100B6BB56 /* PokemonScreen@2x.png */,
				6A2B54281826621100B6BB56 /* YearIcon.png */,
				6A2B54291826621100B6BB56 /* YearIcon@2x.png */,
			);
			name = Graphics;
			sourceTree = "<group>";
		};
		6A2B545918266F5E00B6BB56 /* SoundManager */ = {
			isa = PBXGroup;
			children = (
				6A2B545A18266F5E00B6BB56 /* SoundManager.h */,
				6A2B545B18266F5E00B6BB56 /* SoundManager.m */,
			);
			path = SoundManager;
			sourceTree = "<group>";
		};
		6A2B545D1826733E00B6BB56 /* Model */ = {
			isa = PBXGroup;
			children = (
				6A2B54611826734E00B6BB56 /* Media.h */,
				6A2B54621826734E00B6BB56 /* Media.m */,
				6A2B546E182674DE00B6BB56 /* Media+Create.h */,
				6A2B546F182674DE00B6BB56 /* Media+Create.m */,
				6A2B545E1826734E00B6BB56 /* Post.h */,
				6A2B545F1826734E00B6BB56 /* Post.m */,
				6A2B546B1826739D00B6BB56 /* Post+Create.h */,
				6A2B546C1826739D00B6BB56 /* Post+Create.m */,
			);
			name = Model;
			sourceTree = "<group>";
		};
/* End PBXGroup section */

/* Begin PBXNativeTarget section */
		6A2B53D9182653CD00B6BB56 /* Remember */ = {
			isa = PBXNativeTarget;
			buildConfigurationList = 6A2B540F182653CD00B6BB56 /* Build configuration list for PBXNativeTarget "Remember" */;
			buildPhases = (
				6A2B53D6182653CD00B6BB56 /* Sources */,
				6A2B53D7182653CD00B6BB56 /* Frameworks */,
				6A2B53D8182653CD00B6BB56 /* Resources */,
			);
			buildRules = (
			);
			dependencies = (
			);
			name = Remember;
			productName = Remember;
			productReference = 6A2B53DA182653CD00B6BB56 /* Remember.app */;
			productType = "com.apple.product-type.application";
		};
		6A2B53FD182653CD00B6BB56 /* RememberTests */ = {
			isa = PBXNativeTarget;
			buildConfigurationList = 6A2B5412182653CD00B6BB56 /* Build configuration list for PBXNativeTarget "RememberTests" */;
			buildPhases = (
				6A2B53FA182653CD00B6BB56 /* Sources */,
				6A2B53FB182653CD00B6BB56 /* Frameworks */,
				6A2B53FC182653CD00B6BB56 /* Resources */,
			);
			buildRules = (
			);
			dependencies = (
				6A2B5404182653CD00B6BB56 /* PBXTargetDependency */,
			);
			name = RememberTests;
			productName = RememberTests;
			productReference = 6A2B53FE182653CD00B6BB56 /* RememberTests.xctest */;
			productType = "com.apple.product-type.bundle.unit-test";
		};
/* End PBXNativeTarget section */

/* Begin PBXProject section */
		6A2B53D2182653CD00B6BB56 /* Project object */ = {
			isa = PBXProject;
			attributes = {
				CLASSPREFIX = CM;
				LastUpgradeCheck = 0500;
				ORGANIZATIONNAME = CM;
				TargetAttributes = {
					6A2B53FD182653CD00B6BB56 = {
						TestTargetID = 6A2B53D9182653CD00B6BB56;
					};
				};
			};
			buildConfigurationList = 6A2B53D5182653CD00B6BB56 /* Build configuration list for PBXProject "Remember" */;
			compatibilityVersion = "Xcode 3.2";
			developmentRegion = English;
			hasScannedForEncodings = 0;
			knownRegions = (
				en,
				Base,
			);
			mainGroup = 6A2B53D1182653CD00B6BB56;
			productRefGroup = 6A2B53DB182653CD00B6BB56 /* Products */;
			projectDirPath = "";
			projectRoot = "";
			targets = (
				6A2B53D9182653CD00B6BB56 /* Remember */,
				6A2B53FD182653CD00B6BB56 /* RememberTests */,
			);
		};
/* End PBXProject section */

/* Begin PBXResourcesBuildPhase section */
		6A2B53D8182653CD00B6BB56 /* Resources */ = {
			isa = PBXResourcesBuildPhase;
			buildActionMask = 2147483647;
			files = (
				6A2B53F9182653CD00B6BB56 /* Images.xcassets in Resources */,
				6A2B543A1826621100B6BB56 /* PokemonScreen.png in Resources */,
				6A2B543B1826621100B6BB56 /* PokemonScreen@2x.png in Resources */,
				6A2B542A1826621100B6BB56 /* Background.png in Resources */,
				6A2B54381826621100B6BB56 /* PokemonFightHeadline.png in Resources */,
				6A2B54371826621100B6BB56 /* PlayIcon@2x.png in Resources */,
				2869977918269201002990A0 /* starwars_theme_1999.mp3 in Resources */,
				6A2B53E8182653CD00B6BB56 /* InfoPlist.strings in Resources */,
				2869977B18269219002990A0 /* todesstern_1999.gif in Resources */,
				6A2B544C18266B9900B6BB56 /* HeadBoxEveryone@2x.png in Resources */,
				6A2B542D1826621100B6BB56 /* HeadBox@2x.png in Resources */,
				6A2B54331826621100B6BB56 /* LikeButtonUnpressed@2x.png in Resources */,
				6A2B54341826621100B6BB56 /* ListBackground.png in Resources */,
				2869976718267D2F002990A0 /* tetris_sound_1984.mp3 in Resources */,
				2869976F18268064002990A0 /* Kraftwerk_Taschenrechner_1987.mp3 in Resources */,
				6A2B54321826621100B6BB56 /* LikeButtonUnpressed.png in Resources */,
				6A2B544E18266B9900B6BB56 /* HeadBoxFriends@2x.png in Resources */,
				6A2B542E1826621100B6BB56 /* LikeButtonBackground.png in Resources */,
				6A2B542C1826621100B6BB56 /* HeadBox.png in Resources */,
				6A2B54311826621100B6BB56 /* LikeButtonPressed@2x.png in Resources */,
				6A2B544D18266B9900B6BB56 /* HeadBoxFriends.png in Resources */,
				6A2B544B18266B9900B6BB56 /* HeadBoxEveryone.png in Resources */,
				6A2B542B1826621100B6BB56 /* Background@2x.png in Resources */,
				2869977D18269486002990A0 /* pokemonBattleSound.mp3 in Resources */,
				2869976D18267EAC002990A0 /* blue_eyes_white_dragon_1996.jpg in Resources */,
				6A2B543C1826621100B6BB56 /* YearIcon.png in Resources */,
				6A2B54301826621100B6BB56 /* LikeButtonPressed.png in Resources */,
				6A2B545018266B9900B6BB56 /* HeadBoxYou@2x.png in Resources */,
				6A2B544F18266B9900B6BB56 /* HeadBoxYou.png in Resources */,
				6A2B53F1182653CD00B6BB56 /* Main.storyboard in Resources */,
				6A2B54391826621100B6BB56 /* PokemonFightHeadline@2x.png in Resources */,
				2869976918267D46002990A0 /* original_tetris.jpg in Resources */,
				2869977F182698C2002990A0 /* tamagotchi_90er.jpeg in Resources */,
				6A2B543D1826621100B6BB56 /* YearIcon@2x.png in Resources */,
				6A2B54351826621100B6BB56 /* ListBackground@2x.png in Resources */,
				6A2B54361826621100B6BB56 /* PlayIcon.png in Resources */,
				6A2B542F1826621100B6BB56 /* LikeButtonBackground@2x.png in Resources */,
				2869976B18267D4E002990A0 /* tetris_Gameboy.jpg in Resources */,
				2869976518267C61002990A0 /* furby_1998.jpg in Resources */,
				2869976318267B63002990A0 /* firestone_intro_80er_90er.mp4 in Resources */,
			);
			runOnlyForDeploymentPostprocessing = 0;
		};
		6A2B53FC182653CD00B6BB56 /* Resources */ = {
			isa = PBXResourcesBuildPhase;
			buildActionMask = 2147483647;
			files = (
				6A2B540A182653CD00B6BB56 /* InfoPlist.strings in Resources */,
			);
			runOnlyForDeploymentPostprocessing = 0;
		};
/* End PBXResourcesBuildPhase section */

/* Begin PBXSourcesBuildPhase section */
		6A2B53D6182653CD00B6BB56 /* Sources */ = {
			isa = PBXSourcesBuildPhase;
			buildActionMask = 2147483647;
			files = (
				6A81C7FC1826916800BDA65A /* CMSoundCell.m in Sources */,
				6A2B5443182664C500B6BB56 /* CMRememberCell.m in Sources */,
				6A81C7F91826916800BDA65A /* CMImageCell.m in Sources */,
				6A2B54401826633800B6BB56 /* CMMainlistViewController.m in Sources */,
				6A81C7FB1826916800BDA65A /* CMSound2Cell.m in Sources */,
				6A2B545618266D6C00B6BB56 /* Database.m in Sources */,
				6A2B53EE182653CD00B6BB56 /* CMAppDelegate.m in Sources */,
				6A2B54601826734E00B6BB56 /* Post.m in Sources */,
				6A2B53F7182653CD00B6BB56 /* CMSecondViewController.m in Sources */,
				6A2B546D1826739D00B6BB56 /* Post+Create.m in Sources */,
				6A2B54631826734E00B6BB56 /* Media.m in Sources */,
				6A2B5479182679E300B6BB56 /* CoreDataTableViewController.m in Sources */,
				6A2B545C18266F5E00B6BB56 /* SoundManager.m in Sources */,
				6A2B53EA182653CD00B6BB56 /* main.m in Sources */,
				6A81C8001826919900BDA65A /* CMCustomCell.m in Sources */,
				6A2B5470182674DE00B6BB56 /* Media+Create.m in Sources */,
				6A2B545318266D4800B6BB56 /* Model.xcdatamodeld in Sources */,
				6A81C7FD1826916800BDA65A /* CMVideoCell.m in Sources */,
			);
			runOnlyForDeploymentPostprocessing = 0;
		};
		6A2B53FA182653CD00B6BB56 /* Sources */ = {
			isa = PBXSourcesBuildPhase;
			buildActionMask = 2147483647;
			files = (
				6A2B540C182653CD00B6BB56 /* RememberTests.m in Sources */,
			);
			runOnlyForDeploymentPostprocessing = 0;
		};
/* End PBXSourcesBuildPhase section */

/* Begin PBXTargetDependency section */
		6A2B5404182653CD00B6BB56 /* PBXTargetDependency */ = {
			isa = PBXTargetDependency;
			target = 6A2B53D9182653CD00B6BB56 /* Remember */;
			targetProxy = 6A2B5403182653CD00B6BB56 /* PBXContainerItemProxy */;
		};
/* End PBXTargetDependency section */

/* Begin PBXVariantGroup section */
		6A2B53E6182653CD00B6BB56 /* InfoPlist.strings */ = {
			isa = PBXVariantGroup;
			children = (
				6A2B53E7182653CD00B6BB56 /* en */,
			);
			name = InfoPlist.strings;
			sourceTree = "<group>";
		};
		6A2B53EF182653CD00B6BB56 /* Main.storyboard */ = {
			isa = PBXVariantGroup;
			children = (
				6A2B53F0182653CD00B6BB56 /* Base */,
			);
			name = Main.storyboard;
			sourceTree = "<group>";
		};
		6A2B5408182653CD00B6BB56 /* InfoPlist.strings */ = {
			isa = PBXVariantGroup;
			children = (
				6A2B5409182653CD00B6BB56 /* en */,
			);
			name = InfoPlist.strings;
			sourceTree = "<group>";
		};
/* End PBXVariantGroup section */

/* Begin XCBuildConfiguration section */
		6A2B540D182653CD00B6BB56 /* Debug */ = {
			isa = XCBuildConfiguration;
			buildSettings = {
				ALWAYS_SEARCH_USER_PATHS = NO;
				ARCHS = "$(ARCHS_STANDARD_INCLUDING_64_BIT)";
				CLANG_CXX_LANGUAGE_STANDARD = "gnu++0x";
				CLANG_CXX_LIBRARY = "libc++";
				CLANG_ENABLE_MODULES = YES;
				CLANG_ENABLE_OBJC_ARC = YES;
				CLANG_WARN_BOOL_CONVERSION = YES;
				CLANG_WARN_CONSTANT_CONVERSION = YES;
				CLANG_WARN_DIRECT_OBJC_ISA_USAGE = YES_ERROR;
				CLANG_WARN_EMPTY_BODY = YES;
				CLANG_WARN_ENUM_CONVERSION = YES;
				CLANG_WARN_INT_CONVERSION = YES;
				CLANG_WARN_OBJC_ROOT_CLASS = YES_ERROR;
				CLANG_WARN__DUPLICATE_METHOD_MATCH = YES;
				"CODE_SIGN_IDENTITY[sdk=iphoneos*]" = "iPhone Developer";
				COPY_PHASE_STRIP = NO;
				GCC_C_LANGUAGE_STANDARD = gnu99;
				GCC_DYNAMIC_NO_PIC = NO;
				GCC_OPTIMIZATION_LEVEL = 0;
				GCC_PREPROCESSOR_DEFINITIONS = (
					"DEBUG=1",
					"$(inherited)",
				);
				GCC_SYMBOLS_PRIVATE_EXTERN = NO;
				GCC_WARN_64_TO_32_BIT_CONVERSION = YES;
				GCC_WARN_ABOUT_RETURN_TYPE = YES_ERROR;
				GCC_WARN_UNDECLARED_SELECTOR = YES;
				GCC_WARN_UNINITIALIZED_AUTOS = YES;
				GCC_WARN_UNUSED_FUNCTION = YES;
				GCC_WARN_UNUSED_VARIABLE = YES;
				IPHONEOS_DEPLOYMENT_TARGET = 7.0;
				ONLY_ACTIVE_ARCH = YES;
				SDKROOT = iphoneos;
			};
			name = Debug;
		};
		6A2B540E182653CD00B6BB56 /* Release */ = {
			isa = XCBuildConfiguration;
			buildSettings = {
				ALWAYS_SEARCH_USER_PATHS = NO;
				ARCHS = "$(ARCHS_STANDARD_INCLUDING_64_BIT)";
				CLANG_CXX_LANGUAGE_STANDARD = "gnu++0x";
				CLANG_CXX_LIBRARY = "libc++";
				CLANG_ENABLE_MODULES = YES;
				CLANG_ENABLE_OBJC_ARC = YES;
				CLANG_WARN_BOOL_CONVERSION = YES;
				CLANG_WARN_CONSTANT_CONVERSION = YES;
				CLANG_WARN_DIRECT_OBJC_ISA_USAGE = YES_ERROR;
				CLANG_WARN_EMPTY_BODY = YES;
				CLANG_WARN_ENUM_CONVERSION = YES;
				CLANG_WARN_INT_CONVERSION = YES;
				CLANG_WARN_OBJC_ROOT_CLASS = YES_ERROR;
				CLANG_WARN__DUPLICATE_METHOD_MATCH = YES;
				"CODE_SIGN_IDENTITY[sdk=iphoneos*]" = "iPhone Developer";
				COPY_PHASE_STRIP = YES;
				ENABLE_NS_ASSERTIONS = NO;
				GCC_C_LANGUAGE_STANDARD = gnu99;
				GCC_WARN_64_TO_32_BIT_CONVERSION = YES;
				GCC_WARN_ABOUT_RETURN_TYPE = YES_ERROR;
				GCC_WARN_UNDECLARED_SELECTOR = YES;
				GCC_WARN_UNINITIALIZED_AUTOS = YES;
				GCC_WARN_UNUSED_FUNCTION = YES;
				GCC_WARN_UNUSED_VARIABLE = YES;
				IPHONEOS_DEPLOYMENT_TARGET = 7.0;
				SDKROOT = iphoneos;
				VALIDATE_PRODUCT = YES;
			};
			name = Release;
		};
		6A2B5410182653CD00B6BB56 /* Debug */ = {
			isa = XCBuildConfiguration;
			buildSettings = {
				ASSETCATALOG_COMPILER_APPICON_NAME = AppIcon;
				ASSETCATALOG_COMPILER_LAUNCHIMAGE_NAME = LaunchImage;
				GCC_PRECOMPILE_PREFIX_HEADER = YES;
				GCC_PREFIX_HEADER = "Remember/Remember-Prefix.pch";
				INFOPLIST_FILE = "Remember/Remember-Info.plist";
				PRODUCT_NAME = "$(TARGET_NAME)";
				WRAPPER_EXTENSION = app;
			};
			name = Debug;
		};
		6A2B5411182653CD00B6BB56 /* Release */ = {
			isa = XCBuildConfiguration;
			buildSettings = {
				ASSETCATALOG_COMPILER_APPICON_NAME = AppIcon;
				ASSETCATALOG_COMPILER_LAUNCHIMAGE_NAME = LaunchImage;
				GCC_PRECOMPILE_PREFIX_HEADER = YES;
				GCC_PREFIX_HEADER = "Remember/Remember-Prefix.pch";
				INFOPLIST_FILE = "Remember/Remember-Info.plist";
				PRODUCT_NAME = "$(TARGET_NAME)";
				WRAPPER_EXTENSION = app;
			};
			name = Release;
		};
		6A2B5413182653CD00B6BB56 /* Debug */ = {
			isa = XCBuildConfiguration;
			buildSettings = {
				ARCHS = "$(ARCHS_STANDARD_INCLUDING_64_BIT)";
				BUNDLE_LOADER = "$(BUILT_PRODUCTS_DIR)/Remember.app/Remember";
				FRAMEWORK_SEARCH_PATHS = (
					"$(SDKROOT)/Developer/Library/Frameworks",
					"$(inherited)",
					"$(DEVELOPER_FRAMEWORKS_DIR)",
				);
				GCC_PRECOMPILE_PREFIX_HEADER = YES;
				GCC_PREFIX_HEADER = "Remember/Remember-Prefix.pch";
				GCC_PREPROCESSOR_DEFINITIONS = (
					"DEBUG=1",
					"$(inherited)",
				);
				INFOPLIST_FILE = "RememberTests/RememberTests-Info.plist";
				PRODUCT_NAME = "$(TARGET_NAME)";
				TEST_HOST = "$(BUNDLE_LOADER)";
				WRAPPER_EXTENSION = xctest;
			};
			name = Debug;
		};
		6A2B5414182653CD00B6BB56 /* Release */ = {
			isa = XCBuildConfiguration;
			buildSettings = {
				ARCHS = "$(ARCHS_STANDARD_INCLUDING_64_BIT)";
				BUNDLE_LOADER = "$(BUILT_PRODUCTS_DIR)/Remember.app/Remember";
				FRAMEWORK_SEARCH_PATHS = (
					"$(SDKROOT)/Developer/Library/Frameworks",
					"$(inherited)",
					"$(DEVELOPER_FRAMEWORKS_DIR)",
				);
				GCC_PRECOMPILE_PREFIX_HEADER = YES;
				GCC_PREFIX_HEADER = "Remember/Remember-Prefix.pch";
				INFOPLIST_FILE = "RememberTests/RememberTests-Info.plist";
				PRODUCT_NAME = "$(TARGET_NAME)";
				TEST_HOST = "$(BUNDLE_LOADER)";
				WRAPPER_EXTENSION = xctest;
			};
			name = Release;
		};
/* End XCBuildConfiguration section */

/* Begin XCConfigurationList section */
		6A2B53D5182653CD00B6BB56 /* Build configuration list for PBXProject "Remember" */ = {
			isa = XCConfigurationList;
			buildConfigurations = (
				6A2B540D182653CD00B6BB56 /* Debug */,
				6A2B540E182653CD00B6BB56 /* Release */,
			);
			defaultConfigurationIsVisible = 0;
			defaultConfigurationName = Release;
		};
		6A2B540F182653CD00B6BB56 /* Build configuration list for PBXNativeTarget "Remember" */ = {
			isa = XCConfigurationList;
			buildConfigurations = (
				6A2B5410182653CD00B6BB56 /* Debug */,
				6A2B5411182653CD00B6BB56 /* Release */,
			);
			defaultConfigurationIsVisible = 0;
			defaultConfigurationName = Release;
		};
		6A2B5412182653CD00B6BB56 /* Build configuration list for PBXNativeTarget "RememberTests" */ = {
			isa = XCConfigurationList;
			buildConfigurations = (
				6A2B5413182653CD00B6BB56 /* Debug */,
				6A2B5414182653CD00B6BB56 /* Release */,
			);
			defaultConfigurationIsVisible = 0;
			defaultConfigurationName = Release;
		};
/* End XCConfigurationList section */

/* Begin XCVersionGroup section */
		6A2B545118266D4800B6BB56 /* Model.xcdatamodeld */ = {
			isa = XCVersionGroup;
			children = (
				6A2B545218266D4800B6BB56 /* Model.xcdatamodel */,
			);
			currentVersion = 6A2B545218266D4800B6BB56 /* Model.xcdatamodel */;
			path = Model.xcdatamodeld;
			sourceTree = "<group>";
			versionGroupType = wrapper.xcdatamodel;
		};
/* End XCVersionGroup section */
	};
	rootObject = 6A2B53D2182653CD00B6BB56 /* Project object */;
}
